{
  "name": "ionomy-node",
  "version": "1.0.0",
  "lockfileVersion": 1,
  "requires": true,
  "dependencies": {
    "@types/node": {
      "version": "14.0.12",
      "resolved": "https://registry.npmjs.org/@types/node/-/node-14.0.12.tgz",
      "integrity": "sha512-/sjzehvjkkpvLpYtN6/2dv5kg41otMGuHQUt9T2aiAuIfleCQRQHXXzF1eAw/qkZTj5Kcf4JSTf7EIizHocy6Q==",
      "dev": true
    },
    "axios": {
      "version": "0.21.1",
      "resolved": "https://registry.npmjs.org/axios/-/axios-0.21.1.tgz",
      "integrity": "sha512-dKQiRHxGD9PPRIUNIWvZhPTPpl1rf/OxTYKsqKUDjBwYylTvV7SjSHJb9ratfyzM6wCdLCOYLzs73qpg5c4iGA==",
      "requires": {
        "follow-redirects": "^1.10.0"
      }
    },
    "crypto": {
      "version": "1.0.1",
      "resolved": "https://registry.npmjs.org/crypto/-/crypto-1.0.1.tgz",
      "integrity": "sha512-VxBKmeNcqQdiUQUW2Tzq0t377b54N2bMtXO/qiLa+6eRRmmC4qT3D4OnTGoT/U6O9aklQ/jTwbOtRMTTY8G0Ig=="
    },
    "follow-redirects": {
      "version": "1.13.1",
      "resolved": "https://registry.npmjs.org/follow-redirects/-/follow-redirects-1.13.1.tgz",
      "integrity": "sha512-SSG5xmZh1mkPGyKzjZP8zLjltIfpW32Y5QpdNJyjcfGxK3qo3NDDkZOZSFiGn1A6SclQxY9GzEwAHQ3dmYRWpg=="
    },
    "https": {
      "version": "1.0.0",
      "resolved": "https://registry.npmjs.org/https/-/https-1.0.0.tgz",
      "integrity": "sha1-PDfHrhqO65ZpBKKtHpdaGUt+06Q="
    },
    "moment": {
      "version": "2.24.0",
      "resolved": "https://registry.npmjs.org/moment/-/moment-2.24.0.tgz",
      "integrity": "sha512-bV7f+6l2QigeBBZSM/6yTNq4P2fNpSWj/0e7jQcy87A8e7o2nAfP/34/2ky5Vw4B9S446EtIhodAzkFCcR4dQg=="
    },
    "momentjs": {
      "version": "2.0.0",
      "resolved": "https://registry.npmjs.org/momentjs/-/momentjs-2.0.0.tgz",
      "integrity": "sha1-c9+QS0+kGPbjxgXoMc727VUY69Q="
    }
  }
}
